PODS:
  - FlutterMacOS (1.0.0)
  - zikzak_inappwebview_macos (4.0.8):
    - FlutterMacOS

DEPENDENCIES:
  - FlutterMacOS (from `Flutter/ephemeral`)
  - zikzak_inappwebview_macos (from `Flutter/ephemeral/.symlinks/plugins/zikzak_inappwebview_macos/macos`)

EXTERNAL SOURCES:
  FlutterMacOS:
    :path: Flutter/ephemeral
  zikzak_inappwebview_macos:
    :path: Flutter/ephemeral/.symlinks/plugins/zikzak_inappwebview_macos/macos

SPEC CHECKSUMS:
  FlutterMacOS: d0db08ddef1a9af05a5ec4b724367152bb0500b1
  zikzak_inappwebview_macos: e1ad32e411b0c5c2ccf53746bb4a0e8d19af8df9

PODFILE CHECKSUM: 1e95c36afbfd1cb6423ceca4de7a8e1b256fb6ac

COCOAPODS: 1.16.2
